
Microsoft Visual Studio Solution File, Format Version 12.00
# Visual Studio Version 17
VisualStudioVersion = 17.9.34902.65
MinimumVisualStudioVersion = 10.0.40219.1
Project("{FAE04EC0-301F-11D3-BF4B-00C04F79EFBC}") = "Social_Media_Apis", "Social_Media_Apis\Social_Media_Apis.csproj", "{755EAD34-C545-42CC-8750-49C74F6C7174}"
EndProject
Project("{FAE04EC0-301F-11D3-BF4B-00C04F79EFBC}") = "Core", "Core\Core.csproj", "{7318707B-9CBB-4086-AD05-09304D7EDD10}"
EndProject
Project("{FAE04EC0-301F-11D3-BF4B-00C04F79EFBC}") = "Repository", "Repository\Repository.csproj", "{40CE0A40-9648-458C-B356-9E517D77839A}"
EndProject
Global
	GlobalSection(SolutionConfigurationPlatforms) = preSolution
		Debug|Any CPU = Debug|Any CPU
		Release|Any CPU = Release|Any CPU
	EndGlobalSection
	GlobalSection(ProjectConfigurationPlatforms) = postSolution
		{755EAD34-C545-42CC-8750-49C74F6C7174}.Debug|Any CPU.ActiveCfg = Debug|Any CPU
		{755EAD34-C545-42CC-8750-49C74F6C7174}.Debug|Any CPU.Build.0 = Debug|Any CPU
		{755EAD34-C545-42CC-8750-49C74F6C7174}.Release|Any CPU.ActiveCfg = Release|Any CPU
		{755EAD34-C545-42CC-8750-49C74F6C7174}.Release|Any CPU.Build.0 = Release|Any CPU
		{7318707B-9CBB-4086-AD05-09304D7EDD10}.Debug|Any CPU.ActiveCfg = Debug|Any CPU
		{7318707B-9CBB-4086-AD05-09304D7EDD10}.Debug|Any CPU.Build.0 = Debug|Any CPU
		{7318707B-9CBB-4086-AD05-09304D7EDD10}.Release|Any CPU.ActiveCfg = Release|Any CPU
		{7318707B-9CBB-4086-AD05-09304D7EDD10}.Release|Any CPU.Build.0 = Release|Any CPU
		{40CE0A40-9648-458C-B356-9E517D77839A}.Debug|Any CPU.ActiveCfg = Debug|Any CPU
		{40CE0A40-9648-458C-B356-9E517D77839A}.Debug|Any CPU.Build.0 = Debug|Any CPU
		{40CE0A40-9648-458C-B356-9E517D77839A}.Release|Any CPU.ActiveCfg = Release|Any CPU
		{40CE0A40-9648-458C-B356-9E517D77839A}.Release|Any CPU.Build.0 = Release|Any CPU
	EndGlobalSection
	GlobalSection(SolutionProperties) = preSolution
		HideSolutionNode = FALSE
	EndGlobalSection
	GlobalSection(ExtensibilityGlobals) = postSolution
		SolutionGuid = {778233CB-55C7-4893-B898-0EBE2DD95B54}
	EndGlobalSection
EndGlobal
